
Microsoft Visual Studio Solution File, Format Version 12.00
# Visual Studio Version 16
VisualStudioVersion = 16.0.30523.141
MinimumVisualStudioVersion = 10.0.40219.1
Project("{2150E333-8FDC-42A3-9474-1A3956D46DE8}") = "src", "src", "{4665308E-AF70-4566-8502-A9417D3E1465}"
EndProject
Project("{2150E333-8FDC-42A3-9474-1A3956D46DE8}") = "ApiGateways", "ApiGateways", "{E62887EC-0C43-4358-B0F4-A02A78393793}"
EndProject
Project("{9A19103F-16F7-4668-BE54-9A1E7A4F7556}") = "Web.Shopping.HttpAggregator", "ApiGateways\Web.Bff.Shopping\aggregator\Web.Shopping.HttpAggregator\Web.Shopping.HttpAggregator.csproj", "{8C8078B5-553E-43EC-BE2D-4F1407016500}"
EndProject
Project("{2150E333-8FDC-42A3-9474-1A3956D46DE8}") = "Web.Bff.Shopping", "Web.Bff.Shopping", "{BF710C84-4EAC-48EF-8A88-832AEAC44632}"
EndProject
Project("{2150E333-8FDC-42A3-9474-1A3956D46DE8}") = "BuildingBlocks", "BuildingBlocks", "{B04F4534-147A-4F6F-8D95-83D5DE780CC2}"
EndProject
Project("{2150E333-8FDC-42A3-9474-1A3956D46DE8}") = "Devspaces.Support", "Devspaces.Support", "{EA72A239-C880-4769-A4C7-2CED89FE60CF}"
EndProject
Project("{9A19103F-16F7-4668-BE54-9A1E7A4F7556}") = "Devspaces.Support", "BuildingBlocks\Devspaces.Support\Devspaces.Support.csproj", "{1DCA775A-5D24-47BA-A636-421A86DA29C2}"
EndProject
Project("{2150E333-8FDC-42A3-9474-1A3956D46DE8}") = "WebHost", "WebHost", "{D466129C-BF22-4734-B326-14CF66F94A14}"
EndProject
Project("{9A19103F-16F7-4668-BE54-9A1E7A4F7556}") = "WebHost.Customization", "BuildingBlocks\WebHostCustomization\WebHost.Customization\WebHost.Customization.csproj", "{5E5D1366-C2AD-4E70-A1BE-DB8CC207EFCA}"
EndProject
Project("{2150E333-8FDC-42A3-9474-1A3956D46DE8}") = "EventBus", "EventBus", "{F9E46CFE-182D-42DB-9849-7C44D30F5767}"
EndProject
Project("{9A19103F-16F7-4668-BE54-9A1E7A4F7556}") = "EventBus", "BuildingBlocks\EventBus\EventBus\EventBus.csproj", "{462D72EF-82CF-4218-83C8-776FD4A21B8E}"
EndProject
Project("{9A19103F-16F7-4668-BE54-9A1E7A4F7556}") = "EventBusRabbitMQ", "BuildingBlocks\EventBus\EventBusRabbitMQ\EventBusRabbitMQ.csproj", "{9B731F0E-EAD6-4D6C-AF9B-CAC7826B18D5}"
EndProject
Project("{9A19103F-16F7-4668-BE54-9A1E7A4F7556}") = "EventBusServiceBus", "BuildingBlocks\EventBus\EventBusServiceBus\EventBusServiceBus.csproj", "{145D2F2C-AFC0-4FEA-9538-274AEC525A63}"
EndProject
Project("{9A19103F-16F7-4668-BE54-9A1E7A4F7556}") = "IntegrationEventLogEF", "BuildingBlocks\EventBus\IntegrationEventLogEF\IntegrationEventLogEF.csproj", "{11872404-2294-4BB0-9473-ABA900AC7C2A}"
EndProject
Project("{2150E333-8FDC-42A3-9474-1A3956D46DE8}") = "Services", "Services", "{5377A440-5D28-4FE3-811F-AFD48E06F9EB}"
EndProject
Project("{2150E333-8FDC-42A3-9474-1A3956D46DE8}") = "Identity", "Identity", "{51470887-29EB-40D6-B93F-8BB669BF58A5}"
EndProject
Project("{9A19103F-16F7-4668-BE54-9A1E7A4F7556}") = "Identity.API", "Services\Identity\Identity.API\Identity.API.csproj", "{1C8F4DFE-AF44-4CE2-82D1-0655615211C7}"
EndProject
Project("{2150E333-8FDC-42A3-9474-1A3956D46DE8}") = "Web Apps", "Web Apps", "{3EF7B931-C426-44E9-B2CA-8A61D60B9553}"
EndProject
Project("{9A19103F-16F7-4668-BE54-9A1E7A4F7556}") = "WebMVC", "Web\WebMVC\WebMVC.csproj", "{E41F474E-1219-4003-A068-665D3DFE4E3F}"
EndProject
Project("{E53339B2-1760-4266-BCC7-CA923CBCF16C}") = "docker-compose", "docker-compose.dcproj", "{6EA679B1-4F0C-4230-896E-7DDD323A0C0E}"
EndProject
Project("{9A19103F-16F7-4668-BE54-9A1E7A4F7556}") = "WebhookClient", "Web\WebhookClient\WebhookClient.csproj", "{D1021F28-E802-4572-8C6C-795E9460484A}"
EndProject
Project("{9A19103F-16F7-4668-BE54-9A1E7A4F7556}") = "WebStatus", "Web\WebStatus\WebStatus.csproj", "{66AF99A3-C4EC-43DD-B173-A833DC4D7009}"
EndProject
Project("{2150E333-8FDC-42A3-9474-1A3956D46DE8}") = "Webhooks", "Webhooks", "{16C7D803-191A-4993-98D6-DDFAD1DCD398}"
EndProject
Project("{9A19103F-16F7-4668-BE54-9A1E7A4F7556}") = "Webhooks.API", "Services\Webhooks\Webhooks.API\Webhooks.API.csproj", "{CBD143CA-397D-46D2-A082-1486F938093E}"
EndProject
Project("{2150E333-8FDC-42A3-9474-1A3956D46DE8}") = "Envoy", "Envoy", "{6E16C8B1-0C36-4F49-8B1B-9E38F857842C}"
EndProject
Project("{2150E333-8FDC-42A3-9474-1A3956D46DE8}") = "config", "config", "{1E768533-8D25-4E65-B9BD-DAB9F7190E4E}"
	ProjectSection(SolutionItems) = preProject
		ApiGateways\Envoy\config\webshopping\envoy.yaml = ApiGateways\Envoy\config\webshopping\envoy.yaml
	EndProjectSection
EndProject
Project("{2150E333-8FDC-42A3-9474-1A3956D46DE8}") = "Catalog", "Catalog", "{3EB50E6F-0366-4FCA-B2A5-F96F2403F9B8}"
EndProject
Project("{9A19103F-16F7-4668-BE54-9A1E7A4F7556}") = "Catalog.API", "Services\Catalog\Catalog.API\Catalog.API.csproj", "{80C0F5A3-CB5D-445E-A13C-A55FEBF6EC97}"
EndProject
Global
	GlobalSection(SolutionConfigurationPlatforms) = preSolution
		Debug|Any CPU = Debug|Any CPU
		Release|Any CPU = Release|Any CPU
	EndGlobalSection
	GlobalSection(ProjectConfigurationPlatforms) = postSolution
		{8C8078B5-553E-43EC-BE2D-4F1407016500}.Debug|Any CPU.ActiveCfg = Debug|Any CPU
		{8C8078B5-553E-43EC-BE2D-4F1407016500}.Debug|Any CPU.Build.0 = Debug|Any CPU
		{8C8078B5-553E-43EC-BE2D-4F1407016500}.Release|Any CPU.ActiveCfg = Release|Any CPU
		{8C8078B5-553E-43EC-BE2D-4F1407016500}.Release|Any CPU.Build.0 = Release|Any CPU
		{1DCA775A-5D24-47BA-A636-421A86DA29C2}.Debug|Any CPU.ActiveCfg = Debug|Any CPU
		{1DCA775A-5D24-47BA-A636-421A86DA29C2}.Debug|Any CPU.Build.0 = Debug|Any CPU
		{1DCA775A-5D24-47BA-A636-421A86DA29C2}.Release|Any CPU.ActiveCfg = Release|Any CPU
		{1DCA775A-5D24-47BA-A636-421A86DA29C2}.Release|Any CPU.Build.0 = Release|Any CPU
		{5E5D1366-C2AD-4E70-A1BE-DB8CC207EFCA}.Debug|Any CPU.ActiveCfg = Debug|Any CPU
		{5E5D1366-C2AD-4E70-A1BE-DB8CC207EFCA}.Debug|Any CPU.Build.0 = Debug|Any CPU
		{5E5D1366-C2AD-4E70-A1BE-DB8CC207EFCA}.Release|Any CPU.ActiveCfg = Release|Any CPU
		{5E5D1366-C2AD-4E70-A1BE-DB8CC207EFCA}.Release|Any CPU.Build.0 = Release|Any CPU
		{462D72EF-82CF-4218-83C8-776FD4A21B8E}.Debug|Any CPU.ActiveCfg = Debug|Any CPU
		{462D72EF-82CF-4218-83C8-776FD4A21B8E}.Debug|Any CPU.Build.0 = Debug|Any CPU
		{462D72EF-82CF-4218-83C8-776FD4A21B8E}.Release|Any CPU.ActiveCfg = Release|Any CPU
		{462D72EF-82CF-4218-83C8-776FD4A21B8E}.Release|Any CPU.Build.0 = Release|Any CPU
		{9B731F0E-EAD6-4D6C-AF9B-CAC7826B18D5}.Debug|Any CPU.ActiveCfg = Debug|Any CPU
		{9B731F0E-EAD6-4D6C-AF9B-CAC7826B18D5}.Debug|Any CPU.Build.0 = Debug|Any CPU
		{9B731F0E-EAD6-4D6C-AF9B-CAC7826B18D5}.Release|Any CPU.ActiveCfg = Release|Any CPU
		{9B731F0E-EAD6-4D6C-AF9B-CAC7826B18D5}.Release|Any CPU.Build.0 = Release|Any CPU
		{145D2F2C-AFC0-4FEA-9538-274AEC525A63}.Debug|Any CPU.ActiveCfg = Debug|Any CPU
		{145D2F2C-AFC0-4FEA-9538-274AEC525A63}.Debug|Any CPU.Build.0 = Debug|Any CPU
		{145D2F2C-AFC0-4FEA-9538-274AEC525A63}.Release|Any CPU.ActiveCfg = Release|Any CPU
		{145D2F2C-AFC0-4FEA-9538-274AEC525A63}.Release|Any CPU.Build.0 = Release|Any CPU
		{11872404-2294-4BB0-9473-ABA900AC7C2A}.Debug|Any CPU.ActiveCfg = Debug|Any CPU
		{11872404-2294-4BB0-9473-ABA900AC7C2A}.Debug|Any CPU.Build.0 = Debug|Any CPU
		{11872404-2294-4BB0-9473-ABA900AC7C2A}.Release|Any CPU.ActiveCfg = Release|Any CPU
		{11872404-2294-4BB0-9473-ABA900AC7C2A}.Release|Any CPU.Build.0 = Release|Any CPU
		{1C8F4DFE-AF44-4CE2-82D1-0655615211C7}.Debug|Any CPU.ActiveCfg = Debug|Any CPU
		{1C8F4DFE-AF44-4CE2-82D1-0655615211C7}.Debug|Any CPU.Build.0 = Debug|Any CPU
		{1C8F4DFE-AF44-4CE2-82D1-0655615211C7}.Release|Any CPU.ActiveCfg = Release|Any CPU
		{1C8F4DFE-AF44-4CE2-82D1-0655615211C7}.Release|Any CPU.Build.0 = Release|Any CPU
		{E41F474E-1219-4003-A068-665D3DFE4E3F}.Debug|Any CPU.ActiveCfg = Debug|Any CPU
		{E41F474E-1219-4003-A068-665D3DFE4E3F}.Debug|Any CPU.Build.0 = Debug|Any CPU
		{E41F474E-1219-4003-A068-665D3DFE4E3F}.Release|Any CPU.ActiveCfg = Release|Any CPU
		{E41F474E-1219-4003-A068-665D3DFE4E3F}.Release|Any CPU.Build.0 = Release|Any CPU
		{6EA679B1-4F0C-4230-896E-7DDD323A0C0E}.Debug|Any CPU.ActiveCfg = Debug|Any CPU
		{6EA679B1-4F0C-4230-896E-7DDD323A0C0E}.Debug|Any CPU.Build.0 = Debug|Any CPU
		{6EA679B1-4F0C-4230-896E-7DDD323A0C0E}.Release|Any CPU.ActiveCfg = Release|Any CPU
		{6EA679B1-4F0C-4230-896E-7DDD323A0C0E}.Release|Any CPU.Build.0 = Release|Any CPU
		{D1021F28-E802-4572-8C6C-795E9460484A}.Debug|Any CPU.ActiveCfg = Debug|Any CPU
		{D1021F28-E802-4572-8C6C-795E9460484A}.Debug|Any CPU.Build.0 = Debug|Any CPU
		{D1021F28-E802-4572-8C6C-795E9460484A}.Release|Any CPU.ActiveCfg = Release|Any CPU
		{D1021F28-E802-4572-8C6C-795E9460484A}.Release|Any CPU.Build.0 = Release|Any CPU
		{66AF99A3-C4EC-43DD-B173-A833DC4D7009}.Debug|Any CPU.ActiveCfg = Debug|Any CPU
		{66AF99A3-C4EC-43DD-B173-A833DC4D7009}.Debug|Any CPU.Build.0 = Debug|Any CPU
		{66AF99A3-C4EC-43DD-B173-A833DC4D7009}.Release|Any CPU.ActiveCfg = Release|Any CPU
		{66AF99A3-C4EC-43DD-B173-A833DC4D7009}.Release|Any CPU.Build.0 = Release|Any CPU
		{CBD143CA-397D-46D2-A082-1486F938093E}.Debug|Any CPU.ActiveCfg = Debug|Any CPU
		{CBD143CA-397D-46D2-A082-1486F938093E}.Debug|Any CPU.Build.0 = Debug|Any CPU
		{CBD143CA-397D-46D2-A082-1486F938093E}.Release|Any CPU.ActiveCfg = Release|Any CPU
		{CBD143CA-397D-46D2-A082-1486F938093E}.Release|Any CPU.Build.0 = Release|Any CPU
		{80C0F5A3-CB5D-445E-A13C-A55FEBF6EC97}.Debug|Any CPU.ActiveCfg = Debug|Any CPU
		{80C0F5A3-CB5D-445E-A13C-A55FEBF6EC97}.Debug|Any CPU.Build.0 = Debug|Any CPU
		{80C0F5A3-CB5D-445E-A13C-A55FEBF6EC97}.Release|Any CPU.ActiveCfg = Release|Any CPU
		{80C0F5A3-CB5D-445E-A13C-A55FEBF6EC97}.Release|Any CPU.Build.0 = Release|Any CPU
	EndGlobalSection
	GlobalSection(SolutionProperties) = preSolution
		HideSolutionNode = FALSE
	EndGlobalSection
	GlobalSection(NestedProjects) = preSolution
		{E62887EC-0C43-4358-B0F4-A02A78393793} = {4665308E-AF70-4566-8502-A9417D3E1465}
		{8C8078B5-553E-43EC-BE2D-4F1407016500} = {BF710C84-4EAC-48EF-8A88-832AEAC44632}
		{BF710C84-4EAC-48EF-8A88-832AEAC44632} = {E62887EC-0C43-4358-B0F4-A02A78393793}
		{B04F4534-147A-4F6F-8D95-83D5DE780CC2} = {4665308E-AF70-4566-8502-A9417D3E1465}
		{EA72A239-C880-4769-A4C7-2CED89FE60CF} = {B04F4534-147A-4F6F-8D95-83D5DE780CC2}
		{1DCA775A-5D24-47BA-A636-421A86DA29C2} = {EA72A239-C880-4769-A4C7-2CED89FE60CF}
		{D466129C-BF22-4734-B326-14CF66F94A14} = {B04F4534-147A-4F6F-8D95-83D5DE780CC2}
		{5E5D1366-C2AD-4E70-A1BE-DB8CC207EFCA} = {D466129C-BF22-4734-B326-14CF66F94A14}
		{F9E46CFE-182D-42DB-9849-7C44D30F5767} = {B04F4534-147A-4F6F-8D95-83D5DE780CC2}
		{462D72EF-82CF-4218-83C8-776FD4A21B8E} = {F9E46CFE-182D-42DB-9849-7C44D30F5767}
		{9B731F0E-EAD6-4D6C-AF9B-CAC7826B18D5} = {F9E46CFE-182D-42DB-9849-7C44D30F5767}
		{145D2F2C-AFC0-4FEA-9538-274AEC525A63} = {F9E46CFE-182D-42DB-9849-7C44D30F5767}
		{11872404-2294-4BB0-9473-ABA900AC7C2A} = {F9E46CFE-182D-42DB-9849-7C44D30F5767}
		{5377A440-5D28-4FE3-811F-AFD48E06F9EB} = {4665308E-AF70-4566-8502-A9417D3E1465}
		{51470887-29EB-40D6-B93F-8BB669BF58A5} = {5377A440-5D28-4FE3-811F-AFD48E06F9EB}
		{1C8F4DFE-AF44-4CE2-82D1-0655615211C7} = {51470887-29EB-40D6-B93F-8BB669BF58A5}
		{3EF7B931-C426-44E9-B2CA-8A61D60B9553} = {4665308E-AF70-4566-8502-A9417D3E1465}
		{E41F474E-1219-4003-A068-665D3DFE4E3F} = {3EF7B931-C426-44E9-B2CA-8A61D60B9553}
		{D1021F28-E802-4572-8C6C-795E9460484A} = {3EF7B931-C426-44E9-B2CA-8A61D60B9553}
		{66AF99A3-C4EC-43DD-B173-A833DC4D7009} = {3EF7B931-C426-44E9-B2CA-8A61D60B9553}
		{16C7D803-191A-4993-98D6-DDFAD1DCD398} = {5377A440-5D28-4FE3-811F-AFD48E06F9EB}
		{CBD143CA-397D-46D2-A082-1486F938093E} = {16C7D803-191A-4993-98D6-DDFAD1DCD398}
		{6E16C8B1-0C36-4F49-8B1B-9E38F857842C} = {E62887EC-0C43-4358-B0F4-A02A78393793}
		{1E768533-8D25-4E65-B9BD-DAB9F7190E4E} = {6E16C8B1-0C36-4F49-8B1B-9E38F857842C}
		{3EB50E6F-0366-4FCA-B2A5-F96F2403F9B8} = {5377A440-5D28-4FE3-811F-AFD48E06F9EB}
		{80C0F5A3-CB5D-445E-A13C-A55FEBF6EC97} = {3EB50E6F-0366-4FCA-B2A5-F96F2403F9B8}
	EndGlobalSection
	GlobalSection(ExtensibilityGlobals) = postSolution
		SolutionGuid = {DF6331E6-5106-4C3C-B02C-DEB9812209B7}
	EndGlobalSection
EndGlobal
